
Microsoft Visual Studio Solution File, Format Version 12.00
# Visual Studio Version 16
VisualStudioVersion = 16.0.31129.286
MinimumVisualStudioVersion = 10.0.40219.1
Project("{9A19103F-16F7-4668-BE54-9A1E7A4F7556}") = "GithubActions.AzureFunction", "src\GithubActions.AzureFunction\GithubActions.AzureFunction.csproj", "{7446A89E-67EC-4794-A842-D4092D908158}"
EndProject
Project("{2150E333-8FDC-42A3-9474-1A3956D46DE8}") = "src", "src", "{8D4C42FE-549E-4D12-93E3-C1F231621410}"
EndProject
Project("{2150E333-8FDC-42A3-9474-1A3956D46DE8}") = "test", "test", "{96488591-BE66-4C8D-92FD-7935B80B9999}"
EndProject
Project("{9A19103F-16F7-4668-BE54-9A1E7A4F7556}") = "GithubActions.AzureFunction.Tests.Integration", "test\GithubActions.AzureFunction.Tests.Integration\GithubActions.AzureFunction.Tests.Integration.csproj", "{F3C2230E-9BE1-4728-B51B-7097A501E40E}"
EndProject
Project("{2150E333-8FDC-42A3-9474-1A3956D46DE8}") = ".github", ".github", "{5CBCA4D9-FA9A-4C2F-9A88-FAD969332317}"
	ProjectSection(SolutionItems) = preProject
		.github\workflows\build-and-test.yml = .github\workflows\build-and-test.yml
	EndProjectSection
EndProject
Project("{FAE04EC0-301F-11D3-BF4B-00C04F79EFBC}") = "GithubActions.AzureFunction.Tests.Unit", "test\GithubActions.AzureFunction.Tests.Unit\GithubActions.AzureFunction.Tests.Unit.csproj", "{C3A4BE4E-9EC9-44DD-8EE7-1D992D2F9059}"
EndProject
Project("{2150E333-8FDC-42A3-9474-1A3956D46DE8}") = "_root", "_root", "{E3EBAED6-8F50-43CD-9320-384F0CCBCBFD}"
	ProjectSection(SolutionItems) = preProject
		pre-push.sh = pre-push.sh
		README.md = README.md
		runtests.bat = runtests.bat
	EndProjectSection
EndProject
Global
	GlobalSection(SolutionConfigurationPlatforms) = preSolution
		Debug|Any CPU = Debug|Any CPU
		Release|Any CPU = Release|Any CPU
	EndGlobalSection
	GlobalSection(ProjectConfigurationPlatforms) = postSolution
		{7446A89E-67EC-4794-A842-D4092D908158}.Debug|Any CPU.ActiveCfg = Debug|Any CPU
		{7446A89E-67EC-4794-A842-D4092D908158}.Debug|Any CPU.Build.0 = Debug|Any CPU
		{7446A89E-67EC-4794-A842-D4092D908158}.Release|Any CPU.ActiveCfg = Release|Any CPU
		{7446A89E-67EC-4794-A842-D4092D908158}.Release|Any CPU.Build.0 = Release|Any CPU
		{F3C2230E-9BE1-4728-B51B-7097A501E40E}.Debug|Any CPU.ActiveCfg = Debug|Any CPU
		{F3C2230E-9BE1-4728-B51B-7097A501E40E}.Debug|Any CPU.Build.0 = Debug|Any CPU
		{F3C2230E-9BE1-4728-B51B-7097A501E40E}.Release|Any CPU.ActiveCfg = Release|Any CPU
		{F3C2230E-9BE1-4728-B51B-7097A501E40E}.Release|Any CPU.Build.0 = Release|Any CPU
		{C3A4BE4E-9EC9-44DD-8EE7-1D992D2F9059}.Debug|Any CPU.ActiveCfg = Debug|Any CPU
		{C3A4BE4E-9EC9-44DD-8EE7-1D992D2F9059}.Debug|Any CPU.Build.0 = Debug|Any CPU
		{C3A4BE4E-9EC9-44DD-8EE7-1D992D2F9059}.Release|Any CPU.ActiveCfg = Release|Any CPU
		{C3A4BE4E-9EC9-44DD-8EE7-1D992D2F9059}.Release|Any CPU.Build.0 = Release|Any CPU
	EndGlobalSection
	GlobalSection(SolutionProperties) = preSolution
		HideSolutionNode = FALSE
	EndGlobalSection
	GlobalSection(NestedProjects) = preSolution
		{7446A89E-67EC-4794-A842-D4092D908158} = {8D4C42FE-549E-4D12-93E3-C1F231621410}
		{F3C2230E-9BE1-4728-B51B-7097A501E40E} = {96488591-BE66-4C8D-92FD-7935B80B9999}
		{C3A4BE4E-9EC9-44DD-8EE7-1D992D2F9059} = {96488591-BE66-4C8D-92FD-7935B80B9999}
	EndGlobalSection
	GlobalSection(ExtensibilityGlobals) = postSolution
		SolutionGuid = {D6A570D8-177E-47A5-A8E2-FA5187F47E55}
	EndGlobalSection
EndGlobal
